// !$*UTF8*$!
{
	archiveVersion = 1;
	classes = {
	};
	objectVersion = 50;
	objects = {

/* Begin PBXBuildFile section */
		09C6807F20BFAB610031955E /* AppDelegate.m in Sources */ = {isa = PBXBuildFile; fileRef = 09C6807E20BFAB610031955E /* AppDelegate.m */; };
		09C6808220BFAB610031955E /* ViewController.m in Sources */ = {isa = PBXBuildFile; fileRef = 09C6808120BFAB610031955E /* ViewController.m */; };
		09C6808520BFAB610031955E /* Main.storyboard in Resources */ = {isa = PBXBuildFile; fileRef = 09C6808320BFAB610031955E /* Main.storyboard */; };
		09C6808720BFAB630031955E /* Assets.xcassets in Resources */ = {isa = PBXBuildFile; fileRef = 09C6808620BFAB630031955E /* Assets.xcassets */; };
		09C6808A20BFAB630031955E /* LaunchScreen.storyboard in Resources */ = {isa = PBXBuildFile; fileRef = 09C6808820BFAB630031955E /* LaunchScreen.storyboard */; };
		09C6808D20BFAB640031955E /* main.m in Sources */ = {isa = PBXBuildFile; fileRef = 09C6808C20BFAB640031955E /* main.m */; };
		09C6809720BFAB640031955E /* ZYDrawBoardTests.m in Sources */ = {isa = PBXBuildFile; fileRef = 09C6809620BFAB640031955E /* ZYDrawBoardTests.m */; };
		09C680A220BFAB640031955E /* ZYDrawBoardUITests.m in Sources */ = {isa = PBXBuildFile; fileRef = 09C680A120BFAB640031955E /* ZYDrawBoardUITests.m */; };
		09C680B220BFABC50031955E /* ZYDrawingLayer.m in Sources */ = {isa = PBXBuildFile; fileRef = 09C680B120BFABC50031955E /* ZYDrawingLayer.m */; };
		09C680B520BFABD70031955E /* ZYDrawingView.m in Sources */ = {isa = PBXBuildFile; fileRef = 09C680B420BFABD70031955E /* ZYDrawingView.m */; };
/* End PBXBuildFile section */

/* Begin PBXContainerItemProxy section */
		09C6809320BFAB640031955E /* PBXContainerItemProxy */ = {
			isa = PBXContainerItemProxy;
			containerPortal = 09C6807220BFAB610031955E /* Project object */;
			proxyType = 1;
			remoteGlobalIDString = 09C6807920BFAB610031955E;
			remoteInfo = ZYDrawBoard;
		};
		09C6809E20BFAB640031955E /* PBXContainerItemProxy */ = {
			isa = PBXContainerItemProxy;
			containerPortal = 09C6807220BFAB610031955E /* Project object */;
			proxyType = 1;
			remoteGlobalIDString = 09C6807920BFAB610031955E;
			remoteInfo = ZYDrawBoard;
		};
/* End PBXContainerItemProxy section */

/* Begin PBXFileReference section */
		09C6807A20BFAB610031955E /* ZYDrawBoard.app */ = {isa = PBXFileReference; explicitFileType = wrapper.application; includeInIndex = 0; path = ZYDrawBoard.app; sourceTree = BUILT_PRODUCTS_DIR; };
		09C6807D20BFAB610031955E /* AppDelegate.h */ = {isa = PBXFileReference; lastKnownFileType = sourcecode.c.h; path = AppDelegate.h; sourceTree = "<group>"; };
		09C6807E20BFAB610031955E /* AppDelegate.m */ = {isa = PBXFileReference; lastKnownFileType = sourcecode.c.objc; path = AppDelegate.m; sourceTree = "<group>"; };
		09C6808020BFAB610031955E /* ViewController.h */ = {isa = PBXFileReference; lastKnownFileType = sourcecode.c.h; path = ViewController.h; sourceTree = "<group>"; };
		09C6808120BFAB610031955E /* ViewController.m */ = {isa = PBXFileReference; lastKnownFileType = sourcecode.c.objc; path = ViewController.m; sourceTree = "<group>"; };
		09C6808420BFAB610031955E /* Base */ = {isa = PBXFileReference; lastKnownFileType = file.storyboard; name = Base; path = Base.lproj/Main.storyboard; sourceTree = "<group>"; };
		09C6808620BFAB630031955E /* Assets.xcassets */ = {isa = PBXFileReference; lastKnownFileType = folder.assetcatalog; path = Assets.xcassets; sourceTree = "<group>"; };
		09C6808920BFAB630031955E /* Base */ = {isa = PBXFileReference; lastKnownFileType = file.storyboard; name = Base; path = Base.lproj/LaunchScreen.storyboard; sourceTree = "<group>"; };
		09C6808B20BFAB630031955E /* Info.plist */ = {isa = PBXFileReference; lastKnownFileType = text.plist.xml; path = Info.plist; sourceTree = "<group>"; };
		09C6808C20BFAB640031955E /* main.m */ = {isa = PBXFileReference; lastKnownFileType = sourcecode.c.objc; path = main.m; sourceTree = "<group>"; };
		09C6809220BFAB640031955E /* ZYDrawBoardTests.xctest */ = {isa = PBXFileReference; explicitFileType = wrapper.cfbundle; includeInIndex = 0; path = ZYDrawBoardTests.xctest; sourceTree = BUILT_PRODUCTS_DIR; };
		09C6809620BFAB640031955E /* ZYDrawBoardTests.m */ = {isa = PBXFileReference; lastKnownFileType = sourcecode.c.objc; path = ZYDrawBoardTests.m; sourceTree = "<group>"; };
		09C6809820BFAB640031955E /* Info.plist */ = {isa = PBXFileReference; lastKnownFileType = text.plist.xml; path = Info.plist; sourceTree = "<group>"; };
		09C6809D20BFAB640031955E /* ZYDrawBoardUITests.xctest */ = {isa = PBXFileReference; explicitFileType = wrapper.cfbundle; includeInIndex = 0; path = ZYDrawBoardUITests.xctest; sourceTree = BUILT_PRODUCTS_DIR; };
		09C680A120BFAB640031955E /* ZYDrawBoardUITests.m */ = {isa = PBXFileReference; lastKnownFileType = sourcecode.c.objc; path = ZYDrawBoardUITests.m; sourceTree = "<group>"; };
		09C680A320BFAB640031955E /* Info.plist */ = {isa = PBXFileReference; lastKnownFileType = text.plist.xml; path = Info.plist; sourceTree = "<group>"; };
		09C680B020BFABC50031955E /* ZYDrawingLayer.h */ = {isa = PBXFileReference; lastKnownFileType = sourcecode.c.h; path = ZYDrawingLayer.h; sourceTree = "<group>"; };
		09C680B120BFABC50031955E /* ZYDrawingLayer.m */ = {isa = PBXFileReference; lastKnownFileType = sourcecode.c.objc; path = ZYDrawingLayer.m; sourceTree = "<group>"; };
		09C680B320BFABD70031955E /* ZYDrawingView.h */ = {isa = PBXFileReference; lastKnownFileType = sourcecode.c.h; path = ZYDrawingView.h; sourceTree = "<group>"; };
		09C680B420BFABD70031955E /* ZYDrawingView.m */ = {isa = PBXFileReference; lastKnownFileType = sourcecode.c.objc; path = ZYDrawingView.m; sourceTree = "<group>"; };
/* End PBXFileReference section */

/* Begin PBXFrameworksBuildPhase section */
		09C6807720BFAB610031955E /* Frameworks */ = {
			isa = PBXFrameworksBuildPhase;
			buildActionMask = 2147483647;
			files = (
			);
			runOnlyForDeploymentPostprocessing = 0;
		};
		09C6808F20BFAB640031955E /* Frameworks */ = {
			isa = PBXFrameworksBuildPhase;
			buildActionMask = 2147483647;
			files = (
			);
			runOnlyForDeploymentPostprocessing = 0;
		};
		09C6809A20BFAB640031955E /* Frameworks */ = {
			isa = PBXFrameworksBuildPhase;
			buildActionMask = 2147483647;
			files = (
			);
			runOnlyForDeploymentPostprocessing = 0;
		};
/* End PBXFrameworksBuildPhase section */

/* Begin PBXGroup section */
		09C6807120BFAB610031955E = {
			isa = PBXGroup;
			children = (
				09C6807C20BFAB610031955E /* ZYDrawBoard */,
				09C6809520BFAB640031955E /* ZYDrawBoardTests */,
				09C680A020BFAB640031955E /* ZYDrawBoardUITests */,
				09C6807B20BFAB610031955E /* Products */,
			);
			sourceTree = "<group>";
		};
		09C6807B20BFAB610031955E /* Products */ = {
			isa = PBXGroup;
			children = (
				09C6807A20BFAB610031955E /* ZYDrawBoard.app */,
				09C6809220BFAB640031955E /* ZYDrawBoardTests.xctest */,
				09C6809D20BFAB640031955E /* ZYDrawBoardUITests.xctest */,
			);
			name = Products;
			sourceTree = "<group>";
		};
		09C6807C20BFAB610031955E /* ZYDrawBoard */ = {
			isa = PBXGroup;
			children = (
				09C680AF20BFAB830031955E /* DrawBoard */,
				09C6807D20BFAB610031955E /* AppDelegate.h */,
				09C6807E20BFAB610031955E /* AppDelegate.m */,
				09C6808020BFAB610031955E /* ViewController.h */,
				09C6808120BFAB610031955E /* ViewController.m */,
				09C6808320BFAB610031955E /* Main.storyboard */,
				09C6808620BFAB630031955E /* Assets.xcassets */,
				09C6808820BFAB630031955E /* LaunchScreen.storyboard */,
				09C6808B20BFAB630031955E /* Info.plist */,
				09C6808C20BFAB640031955E /* main.m */,
			);
			path = ZYDrawBoard;
			sourceTree = "<group>";
		};
		09C6809520BFAB640031955E /* ZYDrawBoardTests */ = {
			isa = PBXGroup;
			children = (
				09C6809620BFAB640031955E /* ZYDrawBoardTests.m */,
				09C6809820BFAB640031955E /* Info.plist */,
			);
			path = ZYDrawBoardTests;
			sourceTree = "<group>";
		};
		09C680A020BFAB640031955E /* ZYDrawBoardUITests */ = {
			isa = PBXGroup;
			children = (
				09C680A120BFAB640031955E /* ZYDrawBoardUITests.m */,
				09C680A320BFAB640031955E /* Info.plist */,
			);
			path = ZYDrawBoardUITests;
			sourceTree = "<group>";
		};
		09C680AF20BFAB830031955E /* DrawBoard */ = {
			isa = PBXGroup;
			children = (
				09C680B020BFABC50031955E /* ZYDrawingLayer.h */,
				09C680B120BFABC50031955E /* ZYDrawingLayer.m */,
				09C680B320BFABD70031955E /* ZYDrawingView.h */,
				09C680B420BFABD70031955E /* ZYDrawingView.m */,
			);
			path = DrawBoard;
			sourceTree = "<group>";
		};
/* End PBXGroup section */

/* Begin PBXNativeTarget section */
		09C6807920BFAB610031955E /* ZYDrawBoard */ = {
			isa = PBXNativeTarget;
			buildConfigurationList = 09C680A620BFAB640031955E /* Build configuration list for PBXNativeTarget "ZYDrawBoard" */;
			buildPhases = (
				09C6807620BFAB610031955E /* Sources */,
				09C6807720BFAB610031955E /* Frameworks */,
				09C6807820BFAB610031955E /* Resources */,
			);
			buildRules = (
			);
			dependencies = (
			);
			name = ZYDrawBoard;
			productName = ZYDrawBoard;
			productReference = 09C6807A20BFAB610031955E /* ZYDrawBoard.app */;
			productType = "com.apple.product-type.application";
		};
		09C6809120BFAB640031955E /* ZYDrawBoardTests */ = {
			isa = PBXNativeTarget;
			buildConfigurationList = 09C680A920BFAB640031955E /* Build configuration list for PBXNativeTarget "ZYDrawBoardTests" */;
			buildPhases = (
				09C6808E20BFAB640031955E /* Sources */,
				09C6808F20BFAB640031955E /* Frameworks */,
				09C6809020BFAB640031955E /* Resources */,
			);
			buildRules = (
			);
			dependencies = (
				09C6809420BFAB640031955E /* PBXTargetDependency */,
			);
			name = ZYDrawBoardTests;
			productName = ZYDrawBoardTests;
			productReference = 09C6809220BFAB640031955E /* ZYDrawBoardTests.xctest */;
			productType = "com.apple.product-type.bundle.unit-test";
		};
		09C6809C20BFAB640031955E /* ZYDrawBoardUITests */ = {
			isa = PBXNativeTarget;
			buildConfigurationList = 09C680AC20BFAB640031955E /* Build configuration list for PBXNativeTarget "ZYDrawBoardUITests" */;
			buildPhases = (
				09C6809920BFAB640031955E /* Sources */,
				09C6809A20BFAB640031955E /* Frameworks */,
				09C6809B20BFAB640031955E /* Resources */,
			);
			buildRules = (
			);
			dependencies = (
				09C6809F20BFAB640031955E /* PBXTargetDependency */,
			);
			name = ZYDrawBoardUITests;
			productName = ZYDrawBoardUITests;
			productReference = 09C6809D20BFAB640031955E /* ZYDrawBoardUITests.xctest */;
			productType = "com.apple.product-type.bundle.ui-testing";
		};
/* End PBXNativeTarget section */

/* Begin PBXProject section */
		09C6807220BFAB610031955E /* Project object */ = {
			isa = PBXProject;
			attributes = {
				LastUpgradeCheck = 0930;
				ORGANIZATIONNAME = "王志盼";
				TargetAttributes = {
					09C6807920BFAB610031955E = {
						CreatedOnToolsVersion = 9.3;
					};
					09C6809120BFAB640031955E = {
						CreatedOnToolsVersion = 9.3;
						TestTargetID = 09C6807920BFAB610031955E;
					};
					09C6809C20BFAB640031955E = {
						CreatedOnToolsVersion = 9.3;
						TestTargetID = 09C6807920BFAB610031955E;
					};
				};
			};
			buildConfigurationList = 09C6807520BFAB610031955E /* Build configuration list for PBXProject "ZYDrawBoard" */;
			compatibilityVersion = "Xcode 9.3";
			developmentRegion = en;
			hasScannedForEncodings = 0;
			knownRegions = (
				en,
				Base,
			);
			mainGroup = 09C6807120BFAB610031955E;
			productRefGroup = 09C6807B20BFAB610031955E /* Products */;
			projectDirPath = "";
			projectRoot = "";
			targets = (
				09C6807920BFAB610031955E /* ZYDrawBoard */,
				09C6809120BFAB640031955E /* ZYDrawBoardTests */,
				09C6809C20BFAB640031955E /* ZYDrawBoardUITests */,
			);
		};
/* End PBXProject section */

/* Begin PBXResourcesBuildPhase section */
		09C6807820BFAB610031955E /* Resources */ = {
			isa = PBXResourcesBuildPhase;
			buildActionMask = 2147483647;
			files = (
				09C6808A20BFAB630031955E /* LaunchScreen.storyboard in Resources */,
				09C6808720BFAB630031955E /* Assets.xcassets in Resources */,
				09C6808520BFAB610031955E /* Main.storyboard in Resources */,
			);
			runOnlyForDeploymentPostprocessing = 0;
		};
		09C6809020BFAB640031955E /* Resources */ = {
			isa = PBXResourcesBuildPhase;
			buildActionMask = 2147483647;
			files = (
			);
			runOnlyForDeploymentPostprocessing = 0;
		};
		09C6809B20BFAB640031955E /* Resources */ = {
			isa = PBXResourcesBuildPhase;
			buildActionMask = 2147483647;
			files = (
			);
			runOnlyForDeploymentPostprocessing = 0;
		};
/* End PBXResourcesBuildPhase section */

/* Begin PBXSourcesBuildPhase section */
		09C6807620BFAB610031955E /* Sources */ = {
			isa = PBXSourcesBuildPhase;
			buildActionMask = 2147483647;
			files = (
				09C680B520BFABD70031955E /* ZYDrawingView.m in Sources */,
				09C6808220BFAB610031955E /* ViewController.m in Sources */,
				09C6808D20BFAB640031955E /* main.m in Sources */,
				09C6807F20BFAB610031955E /* AppDelegate.m in Sources */,
				09C680B220BFABC50031955E /* ZYDrawingLayer.m in Sources */,
			);
			runOnlyForDeploymentPostprocessing = 0;
		};
		09C6808E20BFAB640031955E /* Sources */ = {
			isa = PBXSourcesBuildPhase;
			buildActionMask = 2147483647;
			files = (
				09C6809720BFAB640031955E /* ZYDrawBoardTests.m in Sources */,
			);
			runOnlyForDeploymentPostprocessing = 0;
		};
		09C6809920BFAB640031955E /* Sources */ = {
			isa = PBXSourcesBuildPhase;
			buildActionMask = 2147483647;
			files = (
				09C680A220BFAB640031955E /* ZYDrawBoardUITests.m in Sources */,
			);
			runOnlyForDeploymentPostprocessing = 0;
		};
/* End PBXSourcesBuildPhase section */

/* Begin PBXTargetDependency section */
		09C6809420BFAB640031955E /* PBXTargetDependency */ = {
			isa = PBXTargetDependency;
			target = 09C6807920BFAB610031955E /* ZYDrawBoard */;
			targetProxy = 09C6809320BFAB640031955E /* PBXContainerItemProxy */;
		};
		09C6809F20BFAB640031955E /* PBXTargetDependency */ = {
			isa = PBXTargetDependency;
			target = 09C6807920BFAB610031955E /* ZYDrawBoard */;
			targetProxy = 09C6809E20BFAB640031955E /* PBXContainerItemProxy */;
		};
/* End PBXTargetDependency section */

/* Begin PBXVariantGroup section */
		09C6808320BFAB610031955E /* Main.storyboard */ = {
			isa = PBXVariantGroup;
			children = (
				09C6808420BFAB610031955E /* Base */,
			);
			name = Main.storyboard;
			sourceTree = "<group>";
		};
		09C6808820BFAB630031955E /* LaunchScreen.storyboard */ = {
			isa = PBXVariantGroup;
			children = (
				09C6808920BFAB630031955E /* Base */,
			);
			name = LaunchScreen.storyboard;
			sourceTree = "<group>";
		};
/* End PBXVariantGroup section */

/* Begin XCBuildConfiguration section */
		09C680A420BFAB640031955E /* Debug */ = {
			isa = XCBuildConfiguration;
			buildSettings = {
				ALWAYS_SEARCH_USER_PATHS = NO;
				CLANG_ANALYZER_NONNULL = YES;
				CLANG_ANALYZER_NUMBER_OBJECT_CONVERSION = YES_AGGRESSIVE;
				CLANG_CXX_LANGUAGE_STANDARD = "gnu++14";
				CLANG_CXX_LIBRARY = "libc++";
				CLANG_ENABLE_MODULES = YES;
				CLANG_ENABLE_OBJC_ARC = YES;
				CLANG_ENABLE_OBJC_WEAK = YES;
				CLANG_WARN_BLOCK_CAPTURE_AUTORELEASING = YES;
				CLANG_WARN_BOOL_CONVERSION = YES;
				CLANG_WARN_COMMA = YES;
				CLANG_WARN_CONSTANT_CONVERSION = YES;
				CLANG_WARN_DEPRECATED_OBJC_IMPLEMENTATIONS = YES;
				CLANG_WARN_DIRECT_OBJC_ISA_USAGE = YES_ERROR;
				CLANG_WARN_DOCUMENTATION_COMMENTS = YES;
				CLANG_WARN_EMPTY_BODY = YES;
				CLANG_WARN_ENUM_CONVERSION = YES;
				CLANG_WARN_INFINITE_RECURSION = YES;
				CLANG_WARN_INT_CONVERSION = YES;
				CLANG_WARN_NON_LITERAL_NULL_CONVERSION = YES;
				CLANG_WARN_OBJC_IMPLICIT_RETAIN_SELF = YES;
				CLANG_WARN_OBJC_LITERAL_CONVERSION = YES;
				CLANG_WARN_OBJC_ROOT_CLASS = YES_ERROR;
				CLANG_WARN_RANGE_LOOP_ANALYSIS = YES;
				CLANG_WARN_STRICT_PROTOTYPES = YES;
				CLANG_WARN_SUSPICIOUS_MOVE = YES;
				CLANG_WARN_UNGUARDED_AVAILABILITY = YES_AGGRESSIVE;
				CLANG_WARN_UNREACHABLE_CODE = YES;
				CLANG_WARN__DUPLICATE_METHOD_MATCH = YES;
				CODE_SIGN_IDENTITY = "iPhone Developer";
				COPY_PHASE_STRIP = NO;
				DEBUG_INFORMATION_FORMAT = dwarf;
				ENABLE_STRICT_OBJC_MSGSEND = YES;
				ENABLE_TESTABILITY = YES;
				GCC_C_LANGUAGE_STANDARD = gnu11;
				GCC_DYNAMIC_NO_PIC = NO;
				GCC_NO_COMMON_BLOCKS = YES;
				GCC_OPTIMIZATION_LEVEL = 0;
				GCC_PREPROCESSOR_DEFINITIONS = (
					"DEBUG=1",
					"$(inherited)",
				);
				GCC_WARN_64_TO_32_BIT_CONVERSION = YES;
				GCC_WARN_ABOUT_RETURN_TYPE = YES_ERROR;
				GCC_WARN_UNDECLARED_SELECTOR = YES;
				GCC_WARN_UNINITIALIZED_AUTOS = YES_AGGRESSIVE;
				GCC_WARN_UNUSED_FUNCTION = YES;
				GCC_WARN_UNUSED_VARIABLE = YES;
				IPHONEOS_DEPLOYMENT_TARGET = 11.3;
				MTL_ENABLE_DEBUG_INFO = YES;
				ONLY_ACTIVE_ARCH = YES;
				SDKROOT = iphoneos;
			};
			name = Debug;
		};
		09C680A520BFAB640031955E /* Release */ = {
			isa = XCBuildConfiguration;
			buildSettings = {
				ALWAYS_SEARCH_USER_PATHS = NO;
				CLANG_ANALYZER_NONNULL = YES;
				CLANG_ANALYZER_NUMBER_OBJECT_CONVERSION = YES_AGGRESSIVE;
				CLANG_CXX_LANGUAGE_STANDARD = "gnu++14";
				CLANG_CXX_LIBRARY = "libc++";
				CLANG_ENABLE_MODULES = YES;
				CLANG_ENABLE_OBJC_ARC = YES;
				CLANG_ENABLE_OBJC_WEAK = YES;
				CLANG_WARN_BLOCK_CAPTURE_AUTORELEASING = YES;
				CLANG_WARN_BOOL_CONVERSION = YES;
				CLANG_WARN_COMMA = YES;
				CLANG_WARN_CONSTANT_CONVERSION = YES;
				CLANG_WARN_DEPRECATED_OBJC_IMPLEMENTATIONS = YES;
				CLANG_WARN_DIRECT_OBJC_ISA_USAGE = YES_ERROR;
				CLANG_WARN_DOCUMENTATION_COMMENTS = YES;
				CLANG_WARN_EMPTY_BODY = YES;
				CLANG_WARN_ENUM_CONVERSION = YES;
				CLANG_WARN_INFINITE_RECURSION = YES;
				CLANG_WARN_INT_CONVERSION = YES;
				CLANG_WARN_NON_LITERAL_NULL_CONVERSION = YES;
				CLANG_WARN_OBJC_IMPLICIT_RETAIN_SELF = YES;
				CLANG_WARN_OBJC_LITERAL_CONVERSION = YES;
				CLANG_WARN_OBJC_ROOT_CLASS = YES_ERROR;
				CLANG_WARN_RANGE_LOOP_ANALYSIS = YES;
				CLANG_WARN_STRICT_PROTOTYPES = YES;
				CLANG_WARN_SUSPICIOUS_MOVE = YES;
				CLANG_WARN_UNGUARDED_AVAILABILITY = YES_AGGRESSIVE;
				CLANG_WARN_UNREACHABLE_CODE = YES;
				CLANG_WARN__DUPLICATE_METHOD_MATCH = YES;
				CODE_SIGN_IDENTITY = "iPhone Developer";
				COPY_PHASE_STRIP = NO;
				DEBUG_INFORMATION_FORMAT = "dwarf-with-dsym";
				ENABLE_NS_ASSERTIONS = NO;
				ENABLE_STRICT_OBJC_MSGSEND = YES;
				GCC_C_LANGUAGE_STANDARD = gnu11;
				GCC_NO_COMMON_BLOCKS = YES;
				GCC_WARN_64_TO_32_BIT_CONVERSION = YES;
				GCC_WARN_ABOUT_RETURN_TYPE = YES_ERROR;
				GCC_WARN_UNDECLARED_SELECTOR = YES;
				GCC_WARN_UNINITIALIZED_AUTOS = YES_AGGRESSIVE;
				GCC_WARN_UNUSED_FUNCTION = YES;
				GCC_WARN_UNUSED_VARIABLE = YES;
				IPHONEOS_DEPLOYMENT_TARGET = 11.3;
				MTL_ENABLE_DEBUG_INFO = NO;
				SDKROOT = iphoneos;
				VALIDATE_PRODUCT = YES;
			};
			name = Release;
		};
		09C680A720BFAB640031955E /* Debug */ = {
			isa = XCBuildConfiguration;
			buildSettings = {
				ASSETCATALOG_COMPILER_APPICON_NAME = AppIcon;
				CODE_SIGN_STYLE = Automatic;
				DEVELOPMENT_TEAM = T6FCKHRT95;
				INFOPLIST_FILE = ZYDrawBoard/Info.plist;
				LD_RUNPATH_SEARCH_PATHS = (
					"$(inherited)",
					"@executable_path/Frameworks",
				);
				PRODUCT_BUNDLE_IDENTIFIER = qq.ZYDrawBoard;
				PRODUCT_NAME = "$(TARGET_NAME)";
				TARGETED_DEVICE_FAMILY = "1,2";
			};
			name = Debug;
		};
		09C680A820BFAB640031955E /* Release */ = {
			isa = XCBuildConfiguration;
			buildSettings = {
				ASSETCATALOG_COMPILER_APPICON_NAME = AppIcon;
				CODE_SIGN_STYLE = Automatic;
				DEVELOPMENT_TEAM = T6FCKHRT95;
				INFOPLIST_FILE = ZYDrawBoard/Info.plist;
				LD_RUNPATH_SEARCH_PATHS = (
					"$(inherited)",
					"@executable_path/Frameworks",
				);
				PRODUCT_BUNDLE_IDENTIFIER = qq.ZYDrawBoard;
				PRODUCT_NAME = "$(TARGET_NAME)";
				TARGETED_DEVICE_FAMILY = "1,2";
			};
			name = Release;
		};
		09C680AA20BFAB640031955E /* Debug */ = {
			isa = XCBuildConfiguration;
			buildSettings = {
				BUNDLE_LOADER = "$(TEST_HOST)";
				CODE_SIGN_STYLE = Automatic;
				DEVELOPMENT_TEAM = T6FCKHRT95;
				INFOPLIST_FILE = ZYDrawBoardTests/Info.plist;
				LD_RUNPATH_SEARCH_PATHS = (
					"$(inherited)",
					"@executable_path/Frameworks",
					"@loader_path/Frameworks",
				);
				PRODUCT_BUNDLE_IDENTIFIER = qq.ZYDrawBoardTests;
				PRODUCT_NAME = "$(TARGET_NAME)";
				TARGETED_DEVICE_FAMILY = "1,2";
				TEST_HOST = "$(BUILT_PRODUCTS_DIR)/ZYDrawBoard.app/ZYDrawBoard";
			};
			name = Debug;
		};
		09C680AB20BFAB640031955E /* Release */ = {
			isa = XCBuildConfiguration;
			buildSettings = {
				BUNDLE_LOADER = "$(TEST_HOST)";
				CODE_SIGN_STYLE = Automatic;
				DEVELOPMENT_TEAM = T6FCKHRT95;
				INFOPLIST_FILE = ZYDrawBoardTests/Info.plist;
				LD_RUNPATH_SEARCH_PATHS = (
					"$(inherited)",
					"@executable_path/Frameworks",
					"@loader_path/Frameworks",
				);
				PRODUCT_BUNDLE_IDENTIFIER = qq.ZYDrawBoardTests;
				PRODUCT_NAME = "$(TARGET_NAME)";
				TARGETED_DEVICE_FAMILY = "1,2";
				TEST_HOST = "$(BUILT_PRODUCTS_DIR)/ZYDrawBoard.app/ZYDrawBoard";
			};
			name = Release;
		};
		09C680AD20BFAB640031955E /* Debug */ = {
			isa = XCBuildConfiguration;
			buildSettings = {
				CODE_SIGN_STYLE = Automatic;
				DEVELOPMENT_TEAM = T6FCKHRT95;
				INFOPLIST_FILE = ZYDrawBoardUITests/Info.plist;
				LD_RUNPATH_SEARCH_PATHS = (
					"$(inherited)",
					"@executable_path/Frameworks",
					"@loader_path/Frameworks",
				);
				PRODUCT_BUNDLE_IDENTIFIER = qq.ZYDrawBoardUITests;
				PRODUCT_NAME = "$(TARGET_NAME)";
				TARGETED_DEVICE_FAMILY = "1,2";
				TEST_TARGET_NAME = ZYDrawBoard;
			};
			name = Debug;
		};
		09C680AE20BFAB640031955E /* Release */ = {
			isa = XCBuildConfiguration;
			buildSettings = {
				CODE_SIGN_STYLE = Automatic;
				DEVELOPMENT_TEAM = T6FCKHRT95;
				INFOPLIST_FILE = ZYDrawBoardUITests/Info.plist;
				LD_RUNPATH_SEARCH_PATHS = (
					"$(inherited)",
					"@executable_path/Frameworks",
					"@loader_path/Frameworks",
				);
				PRODUCT_BUNDLE_IDENTIFIER = qq.ZYDrawBoardUITests;
				PRODUCT_NAME = "$(TARGET_NAME)";
				TARGETED_DEVICE_FAMILY = "1,2";
				TEST_TARGET_NAME = ZYDrawBoard;
			};
			name = Release;
		};
/* End XCBuildConfiguration section */

/* Begin XCConfigurationList section */
		09C6807520BFAB610031955E /* Build configuration list for PBXProject "ZYDrawBoard" */ = {
			isa = XCConfigurationList;
			buildConfigurations = (
				09C680A420BFAB640031955E /* Debug */,
				09C680A520BFAB640031955E /* Release */,
			);
			defaultConfigurationIsVisible = 0;
			defaultConfigurationName = Release;
		};
		09C680A620BFAB640031955E /* Build configuration list for PBXNativeTarget "ZYDrawBoard" */ = {
			isa = XCConfigurationList;
			buildConfigurations = (
				09C680A720BFAB640031955E /* Debug */,
				09C680A820BFAB640031955E /* Release */,
			);
			defaultConfigurationIsVisible = 0;
			defaultConfigurationName = Release;
		};
		09C680A920BFAB640031955E /* Build configuration list for PBXNativeTarget "ZYDrawBoardTests" */ = {
			isa = XCConfigurationList;
			buildConfigurations = (
				09C680AA20BFAB640031955E /* Debug */,
				09C680AB20BFAB640031955E /* Release */,
			);
			defaultConfigurationIsVisible = 0;
			defaultConfigurationName = Release;
		};
		09C680AC20BFAB640031955E /* Build configuration list for PBXNativeTarget "ZYDrawBoardUITests" */ = {
			isa = XCConfigurationList;
			buildConfigurations = (
				09C680AD20BFAB640031955E /* Debug */,
				09C680AE20BFAB640031955E /* Release */,
			);
			defaultConfigurationIsVisible = 0;
			defaultConfigurationName = Release;
		};
/* End XCConfigurationList section */
	};
	rootObject = 09C6807220BFAB610031955E /* Project object */;
}
